{
	"name": "xml",
	"version": "1.0.0",
	"lockfileVersion": 1,
	"requires": true,
	"dependencies": {
		"eslint-config-rules": {
			"version": "github:fatlard1993/eslint-config-rules#5638e9b52faa1727f5801c996286f1781e16eaa1",
			"from": "github:fatlard1993/eslint-config-rules",
			"dev": true
		},
		"sax": {
			"version": "1.2.4",
			"resolved": "https://registry.npmjs.org/sax/-/sax-1.2.4.tgz",
			"integrity": "sha512-NqVDv9TpANUjFm0N8uM5GxL36UgKi9/atZw+x7YFnQ8ckwFGKrl4xX4yWtrey3UJm5nP1kUbnYgLopqWNSRhWw=="
		},
		"xmldoc": {
			"version": "1.1.2",
			"resolved": "https://registry.npmjs.org/xmldoc/-/xmldoc-1.1.2.tgz",
			"integrity": "sha512-ruPC/fyPNck2BD1dpz0AZZyrEwMOrWTO5lDdIXS91rs3wtm4j+T8Rp2o+zoOYkkAxJTZRPOSnOGei1egoRmKMQ==",
			"requires": {
				"sax": "^1.2.1"
			}
		}
	}
}
